
Microsoft Visual Studio Solution File, Format Version 12.00
# Visual Studio Version 16
VisualStudioVersion = 16.0.809.10
MinimumVisualStudioVersion = 10.0.40219.1
Project("{9A19103F-16F7-4668-BE54-9A1E7A4F7556}") = "Spine.Common", "Spine.Common\Spine.Common.csproj", "{EA5DBFF7-C37C-405F-BE50-E1AAAB94792E}"
EndProject
Project("{2150E333-8FDC-42A3-9474-1A3956D46DE8}") = "Microservices", "Microservices", "{54D8B43F-0A04-4E76-A154-39C0C35A4BA8}"
EndProject
Project("{9A19103F-16F7-4668-BE54-9A1E7A4F7556}") = "Accounts.Api", "Accounts.Api\Accounts.Api.csproj", "{E7474274-4887-40BD-97DE-24165F6C7F05}"
EndProject
Project("{9A19103F-16F7-4668-BE54-9A1E7A4F7556}") = "Spine.ApiGateway", "Spine.ApiGateway\Spine.ApiGateway.csproj", "{E7F5C13C-5794-41C4-9C68-56E4F83A5CB6}"
EndProject
Project("{9A19103F-16F7-4668-BE54-9A1E7A4F7556}") = "Spine.Services", "Spine.Services\Spine.Services.csproj", "{8687B6B4-8F5D-45DC-BFDA-22704705DE63}"
EndProject
Project("{9A19103F-16F7-4668-BE54-9A1E7A4F7556}") = "Spine.DocumentService", "Spine.DocumentService\Spine.DocumentService.csproj", "{A143E794-F718-443A-A589-768F2562A4FC}"
EndProject
Project("{2150E333-8FDC-42A3-9474-1A3956D46DE8}") = "Data", "Data", "{86B13667-064C-4213-8801-B8F84CB0FF7F}"
EndProject
Project("{2150E333-8FDC-42A3-9474-1A3956D46DE8}") = "Core", "Core", "{25C4434A-9C21-41BA-B10D-DEAAFBE78343}"
EndProject
Project("{9A19103F-16F7-4668-BE54-9A1E7A4F7556}") = "Spine.Core.Accounts", "Spine.Core.Accounts\Spine.Core.Accounts.csproj", "{0CF168F8-3E8C-48A2-8D36-784B23BDC300}"
EndProject
Project("{9A19103F-16F7-4668-BE54-9A1E7A4F7556}") = "Spine.Core.Customers", "Spine.Core.Customers\Spine.Core.Customers.csproj", "{B10C5F60-7187-4CE9-B8ED-B3383E9FB754}"
EndProject
Project("{9A19103F-16F7-4668-BE54-9A1E7A4F7556}") = "Transactions.Api", "Transactions.Api\Transactions.Api.csproj", "{9E50325A-300D-43E3-A69E-51ACF1904CA6}"
EndProject
Project("{9A19103F-16F7-4668-BE54-9A1E7A4F7556}") = "BillsPayments.Api", "BillsPayments.Api\BillsPayments.Api.csproj", "{BE1018C4-F29D-4B97-A64C-AFE1F8346971}"
EndProject
Project("{9A19103F-16F7-4668-BE54-9A1E7A4F7556}") = "Spine.Core.Transactions", "Spine.Core.Transactions\Spine.Core.Transactions.csproj", "{95D8032D-3EA5-478A-8883-D75CC9A0F3C3}"
EndProject
Project("{9A19103F-16F7-4668-BE54-9A1E7A4F7556}") = "Spine.Core.BillsPayments", "Spine.Core.BillsPayments\Spine.Core.BillsPayments.csproj", "{AD81493B-515A-4601-BB47-2FBC5F35016C}"
EndProject
Project("{9A19103F-16F7-4668-BE54-9A1E7A4F7556}") = "Spine.Data", "Spine.Data\Spine.Data.csproj", "{6AF7A2EC-F91B-48DE-8DED-D8CF0B19248C}"
EndProject
Project("{9A19103F-16F7-4668-BE54-9A1E7A4F7556}") = "Invoices.Api", "Invoices.Api\Invoices.Api.csproj", "{86895AB9-1CFA-4FEF-ADCE-15E64068CDE6}"
EndProject
Project("{9A19103F-16F7-4668-BE54-9A1E7A4F7556}") = "Spine.Core.Invoices", "Spine.Core.Invoices\Spine.Core.Invoices.csproj", "{47D2F3F0-79B1-408A-8E9C-A65CF35867F6}"
EndProject
Project("{2150E333-8FDC-42A3-9474-1A3956D46DE8}") = "Solution Items", "Solution Items", "{3175DE55-F25F-48B3-9A28-10420C9AA70F}"
	ProjectSection(SolutionItems) = preProject
		packages\ExcelCsvExport.2.0.2.nupkg = packages\ExcelCsvExport.2.0.2.nupkg
	EndProjectSection
EndProject
Project("{9A19103F-16F7-4668-BE54-9A1E7A4F7556}") = "Customers.Api", "Customers.Api\Customers.Api.csproj", "{31BE75CF-4E51-4D43-B761-B104989AFA85}"
EndProject
Project("{9A19103F-16F7-4668-BE54-9A1E7A4F7556}") = "Inventory.Api", "Inventory.Api\Inventory.Api.csproj", "{909CC66F-05D0-460A-9928-07C949CCACF8}"
EndProject
Project("{9A19103F-16F7-4668-BE54-9A1E7A4F7556}") = "Spine.Core.Inventory", "Spine.Core.Inventory\Spine.Core.Inventory.csproj", "{F45CFFDF-E283-4182-ADEB-022930EC1E5A}"
EndProject
Project("{9A19103F-16F7-4668-BE54-9A1E7A4F7556}") = "Spine.PdfGenerator", "Spine.PdfGenerator\Spine.PdfGenerator.csproj", "{9B5E7E4C-06AB-4882-A204-84979EFC826B}"
EndProject
Project("{9A19103F-16F7-4668-BE54-9A1E7A4F7556}") = "Spine.RazorClassLibrary", "Spine.RazorClassLibrary\Spine.RazorClassLibrary.csproj", "{F9F6B3C7-6964-4A00-B78A-C99ACA2993D2}"
EndProject
Project("{2150E333-8FDC-42A3-9474-1A3956D46DE8}") = "CommonClassLibraries", "CommonClassLibraries", "{37572120-6CDB-4434-8569-7C65136CE19B}"
EndProject
Project("{9A19103F-16F7-4668-BE54-9A1E7A4F7556}") = "Subscription.Api", "Subscription.Api\Subscription.Api.csproj", "{11664279-255D-47C9-A588-EF78DA779338}"
EndProject
Project("{9A19103F-16F7-4668-BE54-9A1E7A4F7556}") = "Spine.Core.Subscription", "Spine.Core.Subscription\Spine.Core.Subscription.csproj", "{A9AA4F9E-9F4B-4375-8B95-E0CE39BDC109}"
EndProject
Project("{9A19103F-16F7-4668-BE54-9A1E7A4F7556}") = "Spine.Payment", "Spine.Payment\Spine.Payment.csproj", "{999AD942-AD2B-48CF-8B16-44BB9D8F6913}"
EndProject
Project("{9A19103F-16F7-4668-BE54-9A1E7A4F7556}") = "ManageSubcription.Api", "ManageSubcription.Api\ManageSubcription.Api.csproj", "{BDF96169-AAEE-45D9-A079-50A2861C149E}"
EndProject
Project("{9A19103F-16F7-4668-BE54-9A1E7A4F7556}") = "Spine.Core.ManageSubcription", "Spine.Core.ManageSubcription\Spine.Core.ManageSubcription.csproj", "{D30FEFDB-1121-4951-8F63-87E7535FF07C}"
EndProject
Project("{FAE04EC0-301F-11D3-BF4B-00C04F79EFBC}") = "Spine.Data.Documents", "Spine.Data.Documents\Spine.Data.Documents.csproj", "{D0A42ACF-EAEE-4F17-BEEF-D33FD7ABF2E6}"
EndProject
Global
	GlobalSection(SolutionConfigurationPlatforms) = preSolution
		Debug|Any CPU = Debug|Any CPU
		Release|Any CPU = Release|Any CPU
	EndGlobalSection
	GlobalSection(ProjectConfigurationPlatforms) = postSolution
		{EA5DBFF7-C37C-405F-BE50-E1AAAB94792E}.Debug|Any CPU.ActiveCfg = Debug|Any CPU
		{EA5DBFF7-C37C-405F-BE50-E1AAAB94792E}.Debug|Any CPU.Build.0 = Debug|Any CPU
		{EA5DBFF7-C37C-405F-BE50-E1AAAB94792E}.Release|Any CPU.ActiveCfg = Release|Any CPU
		{EA5DBFF7-C37C-405F-BE50-E1AAAB94792E}.Release|Any CPU.Build.0 = Release|Any CPU
		{E7474274-4887-40BD-97DE-24165F6C7F05}.Debug|Any CPU.ActiveCfg = Debug|Any CPU
		{E7474274-4887-40BD-97DE-24165F6C7F05}.Debug|Any CPU.Build.0 = Debug|Any CPU
		{E7474274-4887-40BD-97DE-24165F6C7F05}.Release|Any CPU.ActiveCfg = Release|Any CPU
		{E7474274-4887-40BD-97DE-24165F6C7F05}.Release|Any CPU.Build.0 = Release|Any CPU
		{E7F5C13C-5794-41C4-9C68-56E4F83A5CB6}.Debug|Any CPU.ActiveCfg = Debug|Any CPU
		{E7F5C13C-5794-41C4-9C68-56E4F83A5CB6}.Debug|Any CPU.Build.0 = Debug|Any CPU
		{E7F5C13C-5794-41C4-9C68-56E4F83A5CB6}.Release|Any CPU.ActiveCfg = Release|Any CPU
		{E7F5C13C-5794-41C4-9C68-56E4F83A5CB6}.Release|Any CPU.Build.0 = Release|Any CPU
		{8687B6B4-8F5D-45DC-BFDA-22704705DE63}.Debug|Any CPU.ActiveCfg = Debug|Any CPU
		{8687B6B4-8F5D-45DC-BFDA-22704705DE63}.Debug|Any CPU.Build.0 = Debug|Any CPU
		{8687B6B4-8F5D-45DC-BFDA-22704705DE63}.Release|Any CPU.ActiveCfg = Release|Any CPU
		{8687B6B4-8F5D-45DC-BFDA-22704705DE63}.Release|Any CPU.Build.0 = Release|Any CPU
		{A143E794-F718-443A-A589-768F2562A4FC}.Debug|Any CPU.ActiveCfg = Debug|Any CPU
		{A143E794-F718-443A-A589-768F2562A4FC}.Debug|Any CPU.Build.0 = Debug|Any CPU
		{A143E794-F718-443A-A589-768F2562A4FC}.Release|Any CPU.ActiveCfg = Release|Any CPU
		{A143E794-F718-443A-A589-768F2562A4FC}.Release|Any CPU.Build.0 = Release|Any CPU
		{0CF168F8-3E8C-48A2-8D36-784B23BDC300}.Debug|Any CPU.ActiveCfg = Debug|Any CPU
		{0CF168F8-3E8C-48A2-8D36-784B23BDC300}.Debug|Any CPU.Build.0 = Debug|Any CPU
		{0CF168F8-3E8C-48A2-8D36-784B23BDC300}.Release|Any CPU.ActiveCfg = Release|Any CPU
		{0CF168F8-3E8C-48A2-8D36-784B23BDC300}.Release|Any CPU.Build.0 = Release|Any CPU
		{B10C5F60-7187-4CE9-B8ED-B3383E9FB754}.Debug|Any CPU.ActiveCfg = Debug|Any CPU
		{B10C5F60-7187-4CE9-B8ED-B3383E9FB754}.Debug|Any CPU.Build.0 = Debug|Any CPU
		{B10C5F60-7187-4CE9-B8ED-B3383E9FB754}.Release|Any CPU.ActiveCfg = Release|Any CPU
		{B10C5F60-7187-4CE9-B8ED-B3383E9FB754}.Release|Any CPU.Build.0 = Release|Any CPU
		{9E50325A-300D-43E3-A69E-51ACF1904CA6}.Debug|Any CPU.ActiveCfg = Debug|Any CPU
		{9E50325A-300D-43E3-A69E-51ACF1904CA6}.Debug|Any CPU.Build.0 = Debug|Any CPU
		{9E50325A-300D-43E3-A69E-51ACF1904CA6}.Release|Any CPU.ActiveCfg = Release|Any CPU
		{9E50325A-300D-43E3-A69E-51ACF1904CA6}.Release|Any CPU.Build.0 = Release|Any CPU
		{BE1018C4-F29D-4B97-A64C-AFE1F8346971}.Debug|Any CPU.ActiveCfg = Debug|Any CPU
		{BE1018C4-F29D-4B97-A64C-AFE1F8346971}.Debug|Any CPU.Build.0 = Debug|Any CPU
		{BE1018C4-F29D-4B97-A64C-AFE1F8346971}.Release|Any CPU.ActiveCfg = Release|Any CPU
		{BE1018C4-F29D-4B97-A64C-AFE1F8346971}.Release|Any CPU.Build.0 = Release|Any CPU
		{95D8032D-3EA5-478A-8883-D75CC9A0F3C3}.Debug|Any CPU.ActiveCfg = Debug|Any CPU
		{95D8032D-3EA5-478A-8883-D75CC9A0F3C3}.Debug|Any CPU.Build.0 = Debug|Any CPU
		{95D8032D-3EA5-478A-8883-D75CC9A0F3C3}.Release|Any CPU.ActiveCfg = Release|Any CPU
		{95D8032D-3EA5-478A-8883-D75CC9A0F3C3}.Release|Any CPU.Build.0 = Release|Any CPU
		{AD81493B-515A-4601-BB47-2FBC5F35016C}.Debug|Any CPU.ActiveCfg = Debug|Any CPU
		{AD81493B-515A-4601-BB47-2FBC5F35016C}.Debug|Any CPU.Build.0 = Debug|Any CPU
		{AD81493B-515A-4601-BB47-2FBC5F35016C}.Release|Any CPU.ActiveCfg = Release|Any CPU
		{AD81493B-515A-4601-BB47-2FBC5F35016C}.Release|Any CPU.Build.0 = Release|Any CPU
		{6AF7A2EC-F91B-48DE-8DED-D8CF0B19248C}.Debug|Any CPU.ActiveCfg = Debug|Any CPU
		{6AF7A2EC-F91B-48DE-8DED-D8CF0B19248C}.Debug|Any CPU.Build.0 = Debug|Any CPU
		{6AF7A2EC-F91B-48DE-8DED-D8CF0B19248C}.Release|Any CPU.ActiveCfg = Release|Any CPU
		{6AF7A2EC-F91B-48DE-8DED-D8CF0B19248C}.Release|Any CPU.Build.0 = Release|Any CPU
		{86895AB9-1CFA-4FEF-ADCE-15E64068CDE6}.Debug|Any CPU.ActiveCfg = Debug|Any CPU
		{86895AB9-1CFA-4FEF-ADCE-15E64068CDE6}.Debug|Any CPU.Build.0 = Debug|Any CPU
		{86895AB9-1CFA-4FEF-ADCE-15E64068CDE6}.Release|Any CPU.ActiveCfg = Release|Any CPU
		{86895AB9-1CFA-4FEF-ADCE-15E64068CDE6}.Release|Any CPU.Build.0 = Release|Any CPU
		{47D2F3F0-79B1-408A-8E9C-A65CF35867F6}.Debug|Any CPU.ActiveCfg = Debug|Any CPU
		{47D2F3F0-79B1-408A-8E9C-A65CF35867F6}.Debug|Any CPU.Build.0 = Debug|Any CPU
		{47D2F3F0-79B1-408A-8E9C-A65CF35867F6}.Release|Any CPU.ActiveCfg = Release|Any CPU
		{47D2F3F0-79B1-408A-8E9C-A65CF35867F6}.Release|Any CPU.Build.0 = Release|Any CPU
		{31BE75CF-4E51-4D43-B761-B104989AFA85}.Debug|Any CPU.ActiveCfg = Debug|Any CPU
		{31BE75CF-4E51-4D43-B761-B104989AFA85}.Debug|Any CPU.Build.0 = Debug|Any CPU
		{31BE75CF-4E51-4D43-B761-B104989AFA85}.Release|Any CPU.ActiveCfg = Release|Any CPU
		{31BE75CF-4E51-4D43-B761-B104989AFA85}.Release|Any CPU.Build.0 = Release|Any CPU
		{909CC66F-05D0-460A-9928-07C949CCACF8}.Debug|Any CPU.ActiveCfg = Debug|Any CPU
		{909CC66F-05D0-460A-9928-07C949CCACF8}.Debug|Any CPU.Build.0 = Debug|Any CPU
		{909CC66F-05D0-460A-9928-07C949CCACF8}.Release|Any CPU.ActiveCfg = Release|Any CPU
		{909CC66F-05D0-460A-9928-07C949CCACF8}.Release|Any CPU.Build.0 = Release|Any CPU
		{F45CFFDF-E283-4182-ADEB-022930EC1E5A}.Debug|Any CPU.ActiveCfg = Debug|Any CPU
		{F45CFFDF-E283-4182-ADEB-022930EC1E5A}.Debug|Any CPU.Build.0 = Debug|Any CPU
		{F45CFFDF-E283-4182-ADEB-022930EC1E5A}.Release|Any CPU.ActiveCfg = Release|Any CPU
		{F45CFFDF-E283-4182-ADEB-022930EC1E5A}.Release|Any CPU.Build.0 = Release|Any CPU
		{9B5E7E4C-06AB-4882-A204-84979EFC826B}.Debug|Any CPU.ActiveCfg = Debug|Any CPU
		{9B5E7E4C-06AB-4882-A204-84979EFC826B}.Debug|Any CPU.Build.0 = Debug|Any CPU
		{9B5E7E4C-06AB-4882-A204-84979EFC826B}.Release|Any CPU.ActiveCfg = Release|Any CPU
		{9B5E7E4C-06AB-4882-A204-84979EFC826B}.Release|Any CPU.Build.0 = Release|Any CPU
		{F9F6B3C7-6964-4A00-B78A-C99ACA2993D2}.Debug|Any CPU.ActiveCfg = Debug|Any CPU
		{F9F6B3C7-6964-4A00-B78A-C99ACA2993D2}.Debug|Any CPU.Build.0 = Debug|Any CPU
		{F9F6B3C7-6964-4A00-B78A-C99ACA2993D2}.Release|Any CPU.ActiveCfg = Release|Any CPU
		{F9F6B3C7-6964-4A00-B78A-C99ACA2993D2}.Release|Any CPU.Build.0 = Release|Any CPU
		{11664279-255D-47C9-A588-EF78DA779338}.Debug|Any CPU.ActiveCfg = Debug|Any CPU
		{11664279-255D-47C9-A588-EF78DA779338}.Debug|Any CPU.Build.0 = Debug|Any CPU
		{11664279-255D-47C9-A588-EF78DA779338}.Release|Any CPU.ActiveCfg = Release|Any CPU
		{11664279-255D-47C9-A588-EF78DA779338}.Release|Any CPU.Build.0 = Release|Any CPU
		{A9AA4F9E-9F4B-4375-8B95-E0CE39BDC109}.Debug|Any CPU.ActiveCfg = Debug|Any CPU
		{A9AA4F9E-9F4B-4375-8B95-E0CE39BDC109}.Debug|Any CPU.Build.0 = Debug|Any CPU
		{A9AA4F9E-9F4B-4375-8B95-E0CE39BDC109}.Release|Any CPU.ActiveCfg = Release|Any CPU
		{A9AA4F9E-9F4B-4375-8B95-E0CE39BDC109}.Release|Any CPU.Build.0 = Release|Any CPU
		{999AD942-AD2B-48CF-8B16-44BB9D8F6913}.Debug|Any CPU.ActiveCfg = Debug|Any CPU
		{999AD942-AD2B-48CF-8B16-44BB9D8F6913}.Debug|Any CPU.Build.0 = Debug|Any CPU
		{999AD942-AD2B-48CF-8B16-44BB9D8F6913}.Release|Any CPU.ActiveCfg = Release|Any CPU
		{999AD942-AD2B-48CF-8B16-44BB9D8F6913}.Release|Any CPU.Build.0 = Release|Any CPU
		{BDF96169-AAEE-45D9-A079-50A2861C149E}.Debug|Any CPU.ActiveCfg = Debug|Any CPU
		{BDF96169-AAEE-45D9-A079-50A2861C149E}.Debug|Any CPU.Build.0 = Debug|Any CPU
		{BDF96169-AAEE-45D9-A079-50A2861C149E}.Release|Any CPU.ActiveCfg = Release|Any CPU
		{BDF96169-AAEE-45D9-A079-50A2861C149E}.Release|Any CPU.Build.0 = Release|Any CPU
		{D30FEFDB-1121-4951-8F63-87E7535FF07C}.Debug|Any CPU.ActiveCfg = Debug|Any CPU
		{D30FEFDB-1121-4951-8F63-87E7535FF07C}.Debug|Any CPU.Build.0 = Debug|Any CPU
		{D30FEFDB-1121-4951-8F63-87E7535FF07C}.Release|Any CPU.ActiveCfg = Release|Any CPU
		{D30FEFDB-1121-4951-8F63-87E7535FF07C}.Release|Any CPU.Build.0 = Release|Any CPU
		{D0A42ACF-EAEE-4F17-BEEF-D33FD7ABF2E6}.Debug|Any CPU.ActiveCfg = Debug|Any CPU
		{D0A42ACF-EAEE-4F17-BEEF-D33FD7ABF2E6}.Debug|Any CPU.Build.0 = Debug|Any CPU
		{D0A42ACF-EAEE-4F17-BEEF-D33FD7ABF2E6}.Release|Any CPU.ActiveCfg = Release|Any CPU
		{D0A42ACF-EAEE-4F17-BEEF-D33FD7ABF2E6}.Release|Any CPU.Build.0 = Release|Any CPU
	EndGlobalSection
	GlobalSection(SolutionProperties) = preSolution
		HideSolutionNode = FALSE
	EndGlobalSection
	GlobalSection(NestedProjects) = preSolution
		{EA5DBFF7-C37C-405F-BE50-E1AAAB94792E} = {37572120-6CDB-4434-8569-7C65136CE19B}
		{E7474274-4887-40BD-97DE-24165F6C7F05} = {54D8B43F-0A04-4E76-A154-39C0C35A4BA8}
		{8687B6B4-8F5D-45DC-BFDA-22704705DE63} = {37572120-6CDB-4434-8569-7C65136CE19B}
		{A143E794-F718-443A-A589-768F2562A4FC} = {54D8B43F-0A04-4E76-A154-39C0C35A4BA8}
		{0CF168F8-3E8C-48A2-8D36-784B23BDC300} = {25C4434A-9C21-41BA-B10D-DEAAFBE78343}
		{B10C5F60-7187-4CE9-B8ED-B3383E9FB754} = {25C4434A-9C21-41BA-B10D-DEAAFBE78343}
		{9E50325A-300D-43E3-A69E-51ACF1904CA6} = {54D8B43F-0A04-4E76-A154-39C0C35A4BA8}
		{BE1018C4-F29D-4B97-A64C-AFE1F8346971} = {54D8B43F-0A04-4E76-A154-39C0C35A4BA8}
		{95D8032D-3EA5-478A-8883-D75CC9A0F3C3} = {25C4434A-9C21-41BA-B10D-DEAAFBE78343}
		{AD81493B-515A-4601-BB47-2FBC5F35016C} = {25C4434A-9C21-41BA-B10D-DEAAFBE78343}
		{6AF7A2EC-F91B-48DE-8DED-D8CF0B19248C} = {86B13667-064C-4213-8801-B8F84CB0FF7F}
		{86895AB9-1CFA-4FEF-ADCE-15E64068CDE6} = {54D8B43F-0A04-4E76-A154-39C0C35A4BA8}
		{47D2F3F0-79B1-408A-8E9C-A65CF35867F6} = {25C4434A-9C21-41BA-B10D-DEAAFBE78343}
		{31BE75CF-4E51-4D43-B761-B104989AFA85} = {54D8B43F-0A04-4E76-A154-39C0C35A4BA8}
		{909CC66F-05D0-460A-9928-07C949CCACF8} = {54D8B43F-0A04-4E76-A154-39C0C35A4BA8}
		{F45CFFDF-E283-4182-ADEB-022930EC1E5A} = {25C4434A-9C21-41BA-B10D-DEAAFBE78343}
		{9B5E7E4C-06AB-4882-A204-84979EFC826B} = {37572120-6CDB-4434-8569-7C65136CE19B}
		{F9F6B3C7-6964-4A00-B78A-C99ACA2993D2} = {37572120-6CDB-4434-8569-7C65136CE19B}
		{11664279-255D-47C9-A588-EF78DA779338} = {54D8B43F-0A04-4E76-A154-39C0C35A4BA8}
		{A9AA4F9E-9F4B-4375-8B95-E0CE39BDC109} = {25C4434A-9C21-41BA-B10D-DEAAFBE78343}
		{999AD942-AD2B-48CF-8B16-44BB9D8F6913} = {37572120-6CDB-4434-8569-7C65136CE19B}
		{BDF96169-AAEE-45D9-A079-50A2861C149E} = {54D8B43F-0A04-4E76-A154-39C0C35A4BA8}
		{D30FEFDB-1121-4951-8F63-87E7535FF07C} = {25C4434A-9C21-41BA-B10D-DEAAFBE78343}
		{D0A42ACF-EAEE-4F17-BEEF-D33FD7ABF2E6} = {86B13667-064C-4213-8801-B8F84CB0FF7F}
	EndGlobalSection
	GlobalSection(ExtensibilityGlobals) = postSolution
		SolutionGuid = {4F8917E4-3EA7-4CFC-9D0E-8D7987C13808}
	EndGlobalSection
EndGlobal
